
Microsoft Visual Studio Solution File, Format Version 12.00
# Visual Studio Version 17
VisualStudioVersion = 17.1.32319.34
MinimumVisualStudioVersion = 10.0.40219.1
Project("{FAE04EC0-301F-11D3-BF4B-00C04F79EFBC}") = "Baigiamasis Darbas", "Baigiamasis Darbas\Baigiamasis Darbas.csproj", "{7414FA3A-21BD-4961-AE93-6A91510F3F32}"
EndProject
Global
	GlobalSection(SolutionConfigurationPlatforms) = preSolution
		Debug|Any CPU = Debug|Any CPU
		Release|Any CPU = Release|Any CPU
	EndGlobalSection
	GlobalSection(ProjectConfigurationPlatforms) = postSolution
		{7414FA3A-21BD-4961-AE93-6A91510F3F32}.Debug|Any CPU.ActiveCfg = Debug|Any CPU
		{7414FA3A-21BD-4961-AE93-6A91510F3F32}.Debug|Any CPU.Build.0 = Debug|Any CPU
		{7414FA3A-21BD-4961-AE93-6A91510F3F32}.Release|Any CPU.ActiveCfg = Release|Any CPU
		{7414FA3A-21BD-4961-AE93-6A91510F3F32}.Release|Any CPU.Build.0 = Release|Any CPU
	EndGlobalSection
	GlobalSection(SolutionProperties) = preSolution
		HideSolutionNode = FALSE
	EndGlobalSection
	GlobalSection(ExtensibilityGlobals) = postSolution
		SolutionGuid = {59C1D105-4D9C-436A-B5C3-5A72182A1552}
	EndGlobalSection
EndGlobal
